#MicroXplorer Configuration settings - do not modify
PF7.GPIOParameters=GPIO_Label
RCC.USART1Freq_Value=108000000
USART2.IPParameters=VirtualMode-Asynchronous
SPI3.Direction=SPI_DIRECTION_2LINES
SPI3.VirtualType=VM_MASTER
FATFS._USE_LFN=1
SPI1.VirtualType=VM_MASTER
ADC2.SamplingTime-1\#ChannelRegularConversion=ADC_SAMPLETIME_480CYCLES
TIM1.IPParameters=Period,AutoReloadPreload,TIM_MasterOutputTrigger
SH.GPXTI9.0=GPIO_EXTI9
RCC.PLLCLKFreq_Value=216000000
PG0.Locked=true
PB14.GPIO_Label=Red_User_LED
RCC.PLLQCLKFreq_Value=216000000
PG0.Signal=GPXTI0
PD8.Locked=true
PC3.Locked=true
PA3.GPIOParameters=GPIO_Label
PA6.GPIO_Label=VRx
ADC2.SamplingTime-4\#ChannelRegularConversion=ADC_SAMPLETIME_480CYCLES
VP_TIM8_VS_ClockSourceINT.Signal=TIM8_VS_ClockSourceINT
PinOutPanel.RotationAngle=0
RCC.SYSCLKSource=RCC_SYSCLKSOURCE_PLLCLK
SH.GPXTI13.0=GPIO_EXTI13
USART3.VirtualMode-Asynchronous=VM_ASYNC
RCC.LPTIM1Freq_Value=54000000
NVIC.SVCall_IRQn=true\:0\:0\:false\:false\:true\:false\:false
PF7.Signal=ADC3_IN5
SPI1.Direction=SPI_DIRECTION_1LINE
RCC.I2C4Freq_Value=54000000
Dma.DAC1.0.PeriphInc=DMA_PINC_DISABLE
TIM2.IPParameters=Prescaler,Period
RCC.APB2TimFreq_Value=216000000
SPI1.CalculateBaudRate=6.75 MBits/s
PC3.Signal=ADCx_IN13
ADC3.ScanConvMode=ADC_SCAN_ENABLE
RCC.SAI2Freq_Value=192000000
VP_TIM2_VS_ClockSourceINT.Signal=TIM2_VS_ClockSourceINT
PD8.Signal=USART3_TX
Dma.DAC1.0.Direction=DMA_MEMORY_TO_PERIPH
PF10.GPIO_Label=SD_CS
RCC.USART3Freq_Value=54000000
NVIC.EXTI15_10_IRQn=true\:0\:0\:false\:false\:true\:true\:true
RCC.PLLSAIRCLKFreq_Value=192000000
ProjectManager.ProjectBuild=false
NVIC.UsageFault_IRQn=true\:0\:0\:false\:false\:true\:false\:false
PB2.Signal=SPI3_MOSI
VP_TIM8_VS_no_output4.Mode=PWM Generation4 No Output
PA4.Locked=true
ADC3.SamplingTime-2\#ChannelRegularConversion=ADC_SAMPLETIME_480CYCLES
ADC3.ExternalTrigConv=ADC_EXTERNALTRIGCONV_T1_TRGO
ProjectManager.FirmwarePackage=STM32Cube FW_F7 V1.16.0
MxDb.Version=DB.5.0.60
Dma.ADC2.1.Instance=DMA2_Stream2
PB0.GPIOParameters=GPIO_Label
ProjectManager.BackupPrevious=false
DAC.DAC_Trigger=DAC_TRIGGER_T8_TRGO
PB1.GPIO_Label=DISP_BUSY
Dma.ADC3.2.Direction=DMA_PERIPH_TO_MEMORY
NVIC.TIM2_IRQn=true\:0\:0\:false\:false\:true\:true\:true
SPI1.DataSize=SPI_DATASIZE_8BIT
PF10.Locked=true
SH.ADCx_IN8.0=ADC2_IN8,IN8
ADC3.IPParameters=Rank-2\#ChannelRegularConversion,Channel-2\#ChannelRegularConversion,SamplingTime-2\#ChannelRegularConversion,NbrOfConversionFlag,ScanConvMode,DMAContinuousRequests,ExternalTrigConv
NVIC.PendSV_IRQn=true\:0\:0\:false\:false\:true\:false\:false
TIM4.Period=59999
ADC3.Channel-2\#ChannelRegularConversion=ADC_CHANNEL_5
DAC.IPParameters=DAC_Trigger
ProjectManager.HalAssertFull=false
VP_TIM1_VS_ClockSourceINT.Mode=Internal
RCC.MCO2PinFreq_Value=216000000
PC8.GPIOParameters=GPIO_Label,GPIO_ModeDefaultOutputPP
Mcu.Package=LQFP144
TIM2.Prescaler=4
PB1.Signal=GPIO_Input
Dma.DAC1.0.PeriphDataAlignment=DMA_PDATAALIGN_WORD
PA5.Locked=true
SPI3.Mode=SPI_MODE_MASTER
SH.GPXTI8.0=GPIO_EXTI8
SH.COMP_DAC1_group.ConfNb=1
VP_SYS_VS_Systick.Signal=SYS_VS_Systick
SH.GPXTI8.ConfNb=1
ADC2.Channel-1\#ChannelRegularConversion=ADC_CHANNEL_8
USART3.IPParameters=VirtualMode-Asynchronous
PA5.GPIOParameters=GPIO_Label
PF7.Locked=true
PC11.Mode=Full_Duplex_Master
PB14.GPIOParameters=GPIO_Label
ADC3.DMAContinuousRequests=ENABLE
RCC.APB2CLKDivider=RCC_HCLK_DIV2
NVIC.DMA2_Stream2_IRQn=true\:0\:0\:false\:false\:true\:false\:true
RCC.CECFreq_Value=32786.88524590164
RCC.APB1TimFreq_Value=108000000
NVIC.BusFault_IRQn=true\:0\:0\:false\:false\:true\:false\:false
ADC2.Rank-2\#ChannelRegularConversion=3
TIM1.Period=53999
Dma.ADC2.1.PeriphDataAlignment=DMA_PDATAALIGN_HALFWORD
ProjectManager.CustomerFirmwarePackage=
ADC2.ScanConvMode=ADC_SCAN_ENABLE
RCC.PLLSAIQCLKFreq_Value=192000000
PA5.Mode=Simplex_Bidirectional_Master
PA6.GPIOParameters=GPIO_Label
PA0/WKUP.GPIOParameters=GPIO_Label
RCC.PLLQoutputFreq_Value=216000000
ProjectManager.ProjectFileName=Body-Synthesizer_STM32_F746ZG.ioc
Mcu.PinsNb=35
PC11.Locked=true
SH.ADCx_IN6.0=ADC2_IN6,IN6
PC13.Locked=true
ADC2.Rank-3\#ChannelRegularConversion=4
PC13.Signal=GPXTI13
PC2.Signal=ADCx_IN12
SH.GPXTI0.ConfNb=1
RCC.UART8Freq_Value=54000000
PC0.Signal=ADCx_IN10
PB14.Locked=true
RCC.APB1CLKDivider=RCC_HCLK_DIV4
PC11.GPIOParameters=GPIO_Label
PD6.Mode=Asynchronous
Dma.DAC1.0.MemDataAlignment=DMA_MDATAALIGN_WORD
PC3.GPIOParameters=GPIO_Label
VP_TIM6_VS_ClockSourceINT.Signal=TIM6_VS_ClockSourceINT
TIM1.AutoReloadPreload=TIM_AUTORELOAD_PRELOAD_ENABLE
TIM4.IPParameters=Prescaler,Period
RCC.USART6Freq_Value=108000000
ADC2.IPParameters=Rank-0\#ChannelRegularConversion,Channel-0\#ChannelRegularConversion,SamplingTime-0\#ChannelRegularConversion,NbrOfConversionFlag,ScanConvMode,DMAContinuousRequests,Rank-1\#ChannelRegularConversion,Channel-1\#ChannelRegularConversion,SamplingTime-1\#ChannelRegularConversion,Rank-2\#ChannelRegularConversion,Channel-2\#ChannelRegularConversion,SamplingTime-2\#ChannelRegularConversion,Rank-3\#ChannelRegularConversion,Channel-3\#ChannelRegularConversion,SamplingTime-3\#ChannelRegularConversion,Rank-4\#ChannelRegularConversion,Channel-4\#ChannelRegularConversion,SamplingTime-4\#ChannelRegularConversion,NbrOfConversion,ExternalTrigConv
PE8.GPIO_Label=ENTER
VP_TIM1_VS_ClockSourceINT.Signal=TIM1_VS_ClockSourceINT
Dma.ADC3.2.PeriphDataAlignment=DMA_PDATAALIGN_HALFWORD
VP_TIM8_VS_ClockSourceINT.Mode=Internal
PD8.Mode=Asynchronous
PG0.GPIO_ModeDefaultEXTI=GPIO_MODE_IT_FALLING
PB14.Signal=GPIO_Output
PA5.Signal=SPI1_SCK
Dma.ADC2.1.FIFOMode=DMA_FIFOMODE_DISABLE
Dma.ADC3.2.Mode=DMA_CIRCULAR
TIM8.AutoReloadPreload=TIM_AUTORELOAD_PRELOAD_ENABLE
ProjectManager.LastFirmware=true
ADC2.Channel-2\#ChannelRegularConversion=ADC_CHANNEL_10
TIM1.TIM_MasterOutputTrigger=TIM_TRGO_UPDATE
RCC.I2C1Freq_Value=54000000
PE8.Signal=GPXTI8
RCC.PLLI2SPCLKFreq_Value=192000000
SPI1.Mode=SPI_MODE_MASTER
RCC.RNGFreq_Value=216000000
PC2.GPIOParameters=GPIO_Label
Mcu.Pin30=VP_TIM2_VS_ClockSourceINT
RCC.EthernetFreq_Value=216000000
Mcu.Pin33=VP_TIM8_VS_ClockSourceINT
SH.ADCx_IN12.ConfNb=1
PA0/WKUP.GPIO_Label=DISP_DC
Mcu.Pin34=VP_TIM8_VS_no_output4
Mcu.Pin31=VP_TIM4_VS_ClockSourceINT
Mcu.Pin32=VP_TIM6_VS_ClockSourceINT
NVIC.NonMaskableInt_IRQn=true\:0\:0\:false\:false\:true\:false\:false
PC10.GPIOParameters=GPIO_Label
Dma.ADC2.1.MemInc=DMA_MINC_ENABLE
TIM2.Period=59999
ProjectManager.FreePins=false
TIM8.RepetitionCounter=0
PC9.GPIOParameters=GPIO_Label
RCC.PLLI2SQCLKFreq_Value=192000000
Mcu.Pin26=PB7
Mcu.Pin27=VP_FATFS_VS_Generic
Mcu.Pin24=PC11
ProjectManager.UnderRoot=true
Mcu.Pin25=PD6
TIM8.Period=10800
Mcu.Pin28=VP_SYS_VS_Systick
Mcu.Pin29=VP_TIM1_VS_ClockSourceINT
PA4.Signal=COMP_DAC1_group
Mcu.Pin22=PC9
Dma.ADC2.1.Direction=DMA_PERIPH_TO_MEMORY
Mcu.Pin23=PC10
Mcu.Pin20=PD9
PA3.Locked=true
Mcu.Pin21=PC8
PA5.GPIO_Label=DISP_CLK
ADC2.NbrOfConversionFlag=1
NVIC.ForceEnableDMAVector=true
TIM8.TIM_MasterOutputTrigger=TIM_TRGO_UPDATE
Dma.ADC3.2.PeriphInc=DMA_PINC_DISABLE
NVIC.MemoryManagement_IRQn=true\:0\:0\:false\:false\:true\:false\:false
ProjectManager.CompilerOptimize=6
ProjectManager.HeapSize=0x200
Mcu.Pin15=PB2
NVIC.HardFault_IRQn=true\:0\:0\:false\:false\:true\:false\:false
Mcu.Pin16=PG0
Mcu.Pin13=PB0
Mcu.Pin14=PB1
PF10.GPIOParameters=GPIO_Label
Mcu.Pin19=PD8
ProjectManager.ComputerToolchain=false
Mcu.Pin17=PE8
Mcu.Pin18=PB14
VP_TIM4_VS_ClockSourceINT.Mode=Internal
NVIC.PriorityGroup=NVIC_PRIORITYGROUP_4
Mcu.Pin11=PA6
PG0.GPIOParameters=GPIO_Label,GPIO_ModeDefaultEXTI
Mcu.Pin12=PA7
Mcu.Pin10=PA5
Dma.DAC1.0.RequestParameters=Instance,Direction,PeriphInc,MemInc,PeriphDataAlignment,MemDataAlignment,Mode,Priority,FIFOMode
PC3.GPIO_Label=EMG_DC1
RCC.I2C2Freq_Value=54000000
PB0.Signal=ADCx_IN8
PA7.GPIOParameters=GPIO_Label
PC0.Locked=true
Mcu.Family=STM32F7
ProjectManager.MainLocation=Core/Src
ADC2.ExternalTrigConv=ADC_EXTERNALTRIGCONV_T6_TRGO
RCC.SAI1Freq_Value=192000000
RCC.CortexFreq_Value=216000000
ProjectManager.KeepUserCode=true
Mcu.UserName=STM32F746ZGTx
ADC2.Channel-0\#ChannelRegularConversion=ADC_CHANNEL_6
Dma.ADC3.2.Instance=DMA2_Stream0
PC10.Locked=true
PC10.Signal=SPI3_SCK
ProjectManager.functionlistsort=1-SystemClock_Config-RCC-false-HAL-false,2-MX_GPIO_Init-GPIO-false-HAL-true,3-MX_TIM8_Init-TIM8-false-HAL-true,4-MX_DMA_Init-DMA-false-HAL-true,5-MX_DAC_Init-DAC-false-HAL-true,6-MX_TIM6_Init-TIM6-false-HAL-true,7-MX_USART3_UART_Init-USART3-false-HAL-true,8-MX_ADC2_Init-ADC2-false-HAL-true,9-MX_SPI1_Init-SPI1-false-HAL-true,10-MX_SPI3_Init-SPI3-false-HAL-true,11-MX_USART2_UART_Init-USART2-false-HAL-true,12-MX_TIM2_Init-TIM2-false-HAL-true,13-MX_TIM4_Init-TIM4-false-HAL-true,14-MX_FATFS_Init-FATFS-false-HAL-false,15-MX_ADC3_Init-ADC3-false-HAL-true,16-MX_TIM1_Init-TIM1-false-HAL-true,0-MX_CORTEX_M7_Init-CORTEX_M7-false-HAL-true
PC0.GPIOParameters=GPIO_Label
PC0.GPIO_Label=Poti
PA0/WKUP.Signal=GPIO_Output
PC9.Locked=true
PD6.Locked=true
PB0.GPIO_Label=VRy
RCC.PLLI2SRCLKFreq_Value=192000000
RCC.USART2Freq_Value=54000000
PC13.GPIO_Label=ENTER_USER
PD9.Mode=Asynchronous
ADC3.Rank-2\#ChannelRegularConversion=1
ProjectManager.StackSize=0x400
RCC.I2C3Freq_Value=54000000
Mcu.IP4=DMA
Mcu.IP5=FATFS
RCC.FCLKCortexFreq_Value=216000000
Mcu.IP2=CORTEX_M7
Mcu.IP3=DAC
Mcu.IP0=ADC2
Mcu.IP1=ADC3
Mcu.UserConstants=
ADC2.DMAContinuousRequests=ENABLE
RCC.SDMMCFreq_Value=216000000
SH.GPXTI13.ConfNb=1
Mcu.ThirdPartyNb=0
Dma.ADC3.2.Priority=DMA_PRIORITY_VERY_HIGH
RCC.HCLKFreq_Value=216000000
RCC.PLLI2SRoutputFreq_Value=192000000
Mcu.IPNb=18
ProjectManager.PreviousToolchain=STM32CubeIDE
RCC.SPDIFRXFreq_Value=192000000
PA0/WKUP.Locked=true
Mcu.Pin6=PA0/WKUP
Mcu.Pin7=PA2
NVIC.DMA2_Stream0_IRQn=true\:0\:0\:false\:false\:true\:false\:true
Mcu.Pin8=PA3
Mcu.Pin9=PA4
RCC.VCOSAIOutputFreq_Value=384000000
VP_TIM8_VS_no_output4.Signal=TIM8_VS_no_output4
RCC.AHBFreq_Value=216000000
Mcu.Pin0=PC13
SPI3.DataSize=SPI_DATASIZE_8BIT
Mcu.Pin1=PF7
TIM8.IPParameters=Prescaler,Period,TIM_MasterOutputTrigger,AutoReloadPreload,RepetitionCounter,Channel-PWM Generation4 No Output
GPIO.groupedBy=Group By Peripherals
Mcu.Pin2=PF10
Mcu.Pin3=PC0
Mcu.Pin4=PC2
Mcu.Pin5=PC3
RCC.HSE_VALUE=25000000
NVIC.DebugMonitor_IRQn=true\:0\:0\:false\:false\:true\:false\:false
Mcu.IP10=SYS
USART2.VirtualMode-Asynchronous=VM_ASYNC
NVIC.SysTick_IRQn=true\:0\:0\:false\:false\:true\:false\:true
Mcu.IP12=TIM2
Mcu.IP11=TIM1
Mcu.IP17=USART3
Mcu.IP14=TIM6
Dma.DAC1.0.Priority=DMA_PRIORITY_VERY_HIGH
Mcu.IP13=TIM4
Mcu.IP16=USART2
Mcu.IP15=TIM8
PF7.GPIO_Label=Keyboard
RCC.VCOInputFreq_Value=2000000
Dma.DAC1.0.FIFOMode=DMA_FIFOMODE_DISABLE
PE8.Locked=true
PC11.GPIO_Label=SD_DO_MISO
File.Version=6
SH.ADCx_IN13.ConfNb=1
PB7.Signal=GPIO_Output
Dma.ADC2.1.PeriphInc=DMA_PINC_DISABLE
TIM6.Period=53999
SH.ADCx_IN6.ConfNb=1
Dma.RequestsNb=3
PB0.Locked=true
ProjectManager.ProjectName=Body-Synthesizer_STM32_F746ZG
Dma.ADC2.1.RequestParameters=Instance,Direction,PeriphInc,MemInc,PeriphDataAlignment,MemDataAlignment,Mode,Priority,FIFOMode
PB7.GPIO_Label=Blue_User_LED
Dma.ADC3.2.RequestParameters=Instance,Direction,PeriphInc,MemInc,PeriphDataAlignment,MemDataAlignment,Mode,Priority,FIFOMode
PA6.Signal=ADCx_IN6
PA7.Locked=true
VP_FATFS_VS_Generic.Signal=FATFS_VS_Generic
Dma.DAC1.0.Mode=DMA_CIRCULAR
ProjectManager.ToolChainLocation=
RCC.LSI_VALUE=32000
SH.GPXTI0.0=GPIO_EXTI0
PC8.GPIO_ModeDefaultOutputPP=GPIO_MODE_OUTPUT_PP
PG0.GPIO_Label=SW
ADC2.Rank-4\#ChannelRegularConversion=5
ADC2.SamplingTime-0\#ChannelRegularConversion=ADC_SAMPLETIME_480CYCLES
TIM8.Prescaler=0
ADC2.SamplingTime-2\#ChannelRegularConversion=ADC_SAMPLETIME_480CYCLES
ADC2.NbrOfConversion=5
Dma.Request2=ADC3
Dma.Request1=ADC2
SPI3.IPParameters=VirtualType,Mode,Direction,CalculateBaudRate,DataSize,BaudRatePrescaler
ADC2.Rank-0\#ChannelRegularConversion=1
PD6.Signal=USART2_RX
Dma.Request0=DAC1
SPI1.BaudRatePrescaler=SPI_BAUDRATEPRESCALER_16
PC2.GPIO_Label=EMG_AC1
ADC2.Channel-3\#ChannelRegularConversion=ADC_CHANNEL_12
PA3.Signal=GPIO_Output
PA2.Locked=true
SH.COMP_DAC1_group.0=DAC_OUT1,DAC_OUT1
RCC.I2SFreq_Value=192000000
PE8.GPIOParameters=GPIO_Label
Dma.ADC3.2.MemDataAlignment=DMA_MDATAALIGN_HALFWORD
SH.ADCx_IN13.0=ADC2_IN13,IN13
Dma.DAC1.0.Instance=DMA1_Stream5
PA7.Mode=Simplex_Bidirectional_Master
RCC.UART7Freq_Value=54000000
PC10.GPIO_Label=SD_CLK
PC9.GPIO_Label=BACK
ProjectManager.NoMain=false
SPI1.IPParameters=VirtualType,Mode,Direction,CalculateBaudRate,DataSize,BaudRatePrescaler
PC11.Signal=SPI3_MISO
PC8.Signal=GPIO_Output
PC10.Mode=Full_Duplex_Master
VP_TIM6_VS_ClockSourceINT.Mode=Enable_Timer
ProjectManager.DefaultFWLocation=true
PD9.Signal=USART3_RX
ProjectManager.DeletePrevious=true
RCC.LCDTFToutputFreq_Value=96000000
RCC.FamilyName=M
PC8.GPIO_Label=DISP_CS
FATFS.IPParameters=_USE_LFN,_MAX_SS
PF7.Mode=IN5
TIM6.AutoReloadPreload=TIM_AUTORELOAD_PRELOAD_ENABLE
SH.ADCx_IN12.0=ADC2_IN12,IN12
TIM6.IPParameters=Period,TIM_MasterOutputTrigger,AutoReloadPreload
VP_TIM4_VS_ClockSourceINT.Signal=TIM4_VS_ClockSourceINT
ProjectManager.TargetToolchain=STM32CubeIDE
TIM8.Channel-PWM\ Generation4\ No\ Output=TIM_CHANNEL_4
NVIC.DMA1_Stream5_IRQn=true\:0\:0\:false\:false\:true\:false\:true
PB7.GPIOParameters=GPIO_Label
PB2.GPIOParameters=GPIO_Label
PC2.Locked=true
ProjectManager.RegisterCallBack=
RCC.USBFreq_Value=216000000
RCC.PLLSAIoutputFreq_Value=192000000
TIM4.Prescaler=4
Dma.ADC2.1.Mode=DMA_CIRCULAR
RCC.LSE_VALUE=32768
PB1.Locked=true
VP_FATFS_VS_Generic.Mode=User_defined
RCC.VCOI2SOutputFreq_Value=384000000
RCC.PLLSAIPCLKFreq_Value=192000000
board=custom
RCC.VCOOutputFreq_Value=432000000
RCC.APB2Freq_Value=108000000
RCC.UART4Freq_Value=54000000
SPI3.CalculateBaudRate=1.6875 MBits/s
MxCube.Version=5.6.1
VP_TIM2_VS_ClockSourceINT.Mode=Internal
PC13.GPIOParameters=GPIO_Label
PF10.Signal=GPIO_Output
SH.ADCx_IN10.ConfNb=1
SPI3.BaudRatePrescaler=SPI_BAUDRATEPRESCALER_32
VP_SYS_VS_Systick.Mode=SysTick
TIM6.TIM_MasterOutputTrigger=TIM_TRGO_UPDATE
Dma.ADC3.2.MemInc=DMA_MINC_ENABLE
ADC2.SamplingTime-3\#ChannelRegularConversion=ADC_SAMPLETIME_480CYCLES
SH.ADCx_IN8.ConfNb=1
RCC.UART5Freq_Value=54000000
RCC.IPParameters=AHBFreq_Value,APB1CLKDivider,APB1Freq_Value,APB1TimFreq_Value,APB2CLKDivider,APB2Freq_Value,APB2TimFreq_Value,CECFreq_Value,CortexFreq_Value,EthernetFreq_Value,FCLKCortexFreq_Value,FamilyName,HCLKFreq_Value,HSE_VALUE,HSI_VALUE,I2C1Freq_Value,I2C2Freq_Value,I2C3Freq_Value,I2C4Freq_Value,I2SFreq_Value,LCDTFToutputFreq_Value,LPTIM1Freq_Value,LSE_VALUE,LSI_VALUE,MCO2PinFreq_Value,PLLCLKFreq_Value,PLLI2SPCLKFreq_Value,PLLI2SQCLKFreq_Value,PLLI2SRCLKFreq_Value,PLLI2SRoutputFreq_Value,PLLM,PLLN,PLLQCLKFreq_Value,PLLQoutputFreq_Value,PLLSAIPCLKFreq_Value,PLLSAIQCLKFreq_Value,PLLSAIRCLKFreq_Value,PLLSAIoutputFreq_Value,RNGFreq_Value,SAI1Freq_Value,SAI2Freq_Value,SDMMCFreq_Value,SPDIFRXFreq_Value,SYSCLKFreq_VALUE,SYSCLKSource,UART4Freq_Value,UART5Freq_Value,UART7Freq_Value,UART8Freq_Value,USART1Freq_Value,USART2Freq_Value,USART3Freq_Value,USART6Freq_Value,USBFreq_Value,VCOI2SOutputFreq_Value,VCOInputFreq_Value,VCOOutputFreq_Value,VCOSAIOutputFreq_Value
ProjectManager.AskForMigrate=true
Mcu.Name=STM32F746ZGTx
PA2.Signal=USART2_TX
PB2.Locked=true
FATFS._MAX_SS=4096
Mcu.IP8=SPI1
Mcu.IP9=SPI3
Mcu.IP6=NVIC
Mcu.IP7=RCC
ProjectManager.CoupleFile=false
RCC.SYSCLKFreq_VALUE=216000000
PA7.GPIO_Label=DISP_DIN
Dma.DAC1.0.MemInc=DMA_MINC_ENABLE
KeepUserPlacement=false
PB2.Mode=Full_Duplex_Master
SH.GPXTI9.ConfNb=1
NVIC.EXTI9_5_IRQn=true\:0\:0\:false\:false\:true\:true\:true
SH.ADCx_IN10.0=ADC2_IN10,IN10
PB2.GPIO_Label=SD_DI_MOSI
RCC.HSI_VALUE=16000000
Dma.ADC2.1.MemDataAlignment=DMA_MDATAALIGN_HALFWORD
RCC.PLLM=8
RCC.PLLN=216
PB7.Locked=true
ADC2.Rank-1\#ChannelRegularConversion=2
PA2.Mode=Asynchronous
Dma.ADC2.1.Priority=DMA_PRIORITY_VERY_HIGH
PC8.Locked=true
PC9.Signal=GPXTI9
NVIC.TIM4_IRQn=true\:0\:0\:false\:false\:true\:true\:true
PD9.Locked=true
RCC.APB1Freq_Value=54000000
ADC3.NbrOfConversionFlag=1
ADC2.Channel-4\#ChannelRegularConversion=ADC_CHANNEL_13
ProjectManager.DeviceId=STM32F746ZGTx
Dma.ADC3.2.FIFOMode=DMA_FIFOMODE_DISABLE
ProjectManager.LibraryCopy=1
PA3.GPIO_Label=DISP_RST
PB1.GPIOParameters=GPIO_Label
PA7.Signal=SPI1_MOSI
PA6.Locked=true
