#MicroXplorer Configuration settings - do not modify
Mcu.Family=STM32F4
ProjectManager.MainLocation=Core/Src
PH0-OSC_IN.Locked=true
Dma.SPI1_TX.1.Priority=DMA_PRIORITY_LOW
PA6.Mode=Full_Duplex_Slave
PH0-OSC_IN.Signal=RCC_OSC_IN
USART2.IPParameters=VirtualMode
RCC.CortexFreq_Value=84000000
ProjectManager.KeepUserCode=true
Mcu.UserName=STM32F446RETx
SPI1.VirtualType=VM_SLAVE
Dma.SPI1_TX.1.FIFOMode=DMA_FIFOMODE_DISABLE
RCC.PLLCLKFreq_Value=84000000
PA14.GPIO_Label=TCK
RCC.PLLQCLKFreq_Value=168000000
ProjectManager.functionlistsort=1-MX_GPIO_Init-GPIO-false-HAL-true,2-MX_DMA_Init-DMA-false-HAL-true,3-SystemClock_Config-RCC-false-HAL-false,4-MX_SPI1_Init-SPI1-false-HAL-true,5-MX_USART2_UART_Init-USART2-false-HAL-true,6-MX_I2C1_Init-I2C1-false-HAL-true
Dma.SPI1_TX.1.PeriphInc=DMA_PINC_DISABLE
PA3.GPIOParameters=GPIO_Label
RCC.PLLI2SRCLKFreq_Value=96000000
PC13.GPIO_Label=B1 [Blue PushButton]
RCC.SAIAFreq_Value=96000000
PA2.GPIOParameters=GPIO_Label
PinOutPanel.RotationAngle=0
RCC.SYSCLKSource=RCC_SYSCLKSOURCE_PLLCLK
ProjectManager.StackSize=0x400
SH.GPXTI13.0=GPIO_EXTI13
Mcu.IP4=SPI1
RCC.FCLKCortexFreq_Value=84000000
Mcu.IP5=SYS
I2C1.IPParameters=I2C_Mode
Mcu.IP2=NVIC
NVIC.SVCall_IRQn=true\:0\:0\:false\:false\:true\:false\:false
Mcu.IP3=RCC
Mcu.IP0=DMA
Mcu.IP1=I2C1
SPI1.CLKPolarity=SPI_POLARITY_HIGH
Mcu.UserConstants=
Dma.SPI1_RX.0.Direction=DMA_PERIPH_TO_MEMORY
SH.GPXTI13.ConfNb=1
Mcu.ThirdPartyNb=0
RCC.SDIOFreq_Value=168000000
SPI1.Direction=SPI_DIRECTION_2LINES
RCC.HCLKFreq_Value=84000000
Mcu.IPNb=7
ProjectManager.PreviousToolchain=STM32CubeIDE
RCC.APB2TimFreq_Value=84000000
RCC.SPDIFRXFreq_Value=168000000
RCC.VcooutputI2S=96000000
Mcu.Pin6=PA3
NVIC.DMA2_Stream0_IRQn=true\:0\:0\:false\:false\:true\:false\:true
Mcu.Pin7=PA5
Mcu.Pin8=PA6
Mcu.Pin9=PA7
RCC.VCOSAIOutputFreq_Value=192000000
RCC.AHBFreq_Value=84000000
Mcu.Pin0=PC13
Mcu.Pin1=PC14-OSC32_IN
Mcu.Pin2=PC15-OSC32_OUT
Mcu.Pin3=PH0-OSC_IN
Mcu.Pin4=PH1-OSC_OUT
Mcu.Pin5=PA2
Dma.SPI1_TX.1.PeriphDataAlignment=DMA_PDATAALIGN_BYTE
ProjectManager.ProjectBuild=false
RCC.HSE_VALUE=8000000
NVIC.UsageFault_IRQn=true\:0\:0\:false\:false\:true\:false\:false
NVIC.DebugMonitor_IRQn=true\:0\:0\:false\:false\:true\:false\:false
NVIC.SysTick_IRQn=true\:0\:0\:false\:false\:true\:true\:true
Dma.SPI1_RX.0.PeriphInc=DMA_PINC_DISABLE
ProjectManager.FirmwarePackage=STM32Cube FW_F4 V1.26.1
MxDb.Version=DB.6.0.21
ProjectManager.BackupPrevious=false
RCC.VCOInputFreq_Value=1000000
Dma.SPI1_TX.1.Mode=DMA_CIRCULAR
File.Version=6
PH1-OSC_OUT.Locked=true
PB3.GPIOParameters=GPIO_Label
PB8.Locked=true
RCC.PLLRCLKFreq_Value=168000000
NVIC.PendSV_IRQn=true\:0\:0\:false\:false\:true\:false\:false
Dma.RequestsNb=2
ProjectManager.HalAssertFull=false
ProjectManager.ProjectName=Body-Synthezier_Sensors
RCC.FLatency-AdvancedSettings=FLASH_LATENCY_2
PA13.GPIOParameters=GPIO_Label
RCC.MCO2PinFreq_Value=84000000
Dma.SPI1_TX.1.RequestParameters=Instance,Direction,PeriphInc,MemInc,PeriphDataAlignment,MemDataAlignment,Mode,Priority,FIFOMode
Mcu.Package=LQFP64
PB9.Signal=I2C1_SDA
PA6.Signal=SPI1_MISO
USART2.VirtualMode=VM_ASYNC
PA14.Locked=true
ProjectManager.ToolChainLocation=
PA2.GPIO_Label=USART_TX
RCC.LSI_VALUE=32000
VP_SYS_VS_Systick.Signal=SYS_VS_Systick
RCC.CECFreq_Value=32786.88524590164
Dma.Request1=SPI1_TX
RCC.APB1TimFreq_Value=84000000
NVIC.BusFault_IRQn=true\:0\:0\:false\:false\:true\:false\:false
RCC.SAIBFreq_Value=96000000
Dma.SPI1_RX.0.RequestParameters=Instance,Direction,PeriphInc,MemInc,PeriphDataAlignment,MemDataAlignment,Mode,Priority,FIFOMode
Dma.Request0=SPI1_RX
ProjectManager.CustomerFirmwarePackage=
PC14-OSC32_IN.Locked=true
Dma.SPI1_TX.1.Instance=DMA2_Stream3
RCC.PLLSAIQCLKFreq_Value=96000000
PB3.Locked=true
PA3.Signal=USART2_RX
PA5.Mode=Full_Duplex_Slave
PA2.Locked=true
PB3.GPIO_Label=SWO
Dma.SPI1_TX.1.MemInc=DMA_MINC_ENABLE
ProjectManager.ProjectFileName=Body-Synthezier_Sensors.ioc
PA7.Mode=Full_Duplex_Slave
Mcu.PinsNb=16
ProjectManager.NoMain=false
SPI1.IPParameters=VirtualType,Mode,Direction,CLKPolarity
PC13.Locked=true
PC13.Signal=GPXTI13
RCC.FMPI2C1Freq_Value=42000000
RCC.VCOI2SInputFreq_Value=1000000
ProjectManager.DefaultFWLocation=true
ProjectManager.DeletePrevious=true
Dma.SPI1_RX.0.Mode=DMA_CIRCULAR
RCC.APB1CLKDivider=RCC_HCLK_DIV2
PC14-OSC32_IN.Signal=RCC_OSC32_IN
Dma.SPI1_TX.1.Direction=DMA_MEMORY_TO_PERIPH
boardIOC=true
RCC.FamilyName=M
Dma.SPI1_RX.0.FIFOMode=DMA_FIFOMODE_DISABLE
PA13.Signal=SYS_JTMS-SWDIO
PA3.Mode=Asynchronous
Dma.SPI1_TX.1.MemDataAlignment=DMA_MDATAALIGN_BYTE
PC15-OSC32_OUT.Locked=true
ProjectManager.TargetToolchain=STM32CubeIDE
I2C1.I2C_Mode=I2C_Fast
PB9.Mode=I2C
PB9.Locked=true
ProjectManager.RegisterCallBack=
RCC.USBFreq_Value=168000000
NVIC.DMA2_Stream3_IRQn=true\:0\:0\:false\:false\:true\:false\:true
RCC.LSE_VALUE=32768
PC15-OSC32_OUT.Signal=RCC_OSC32_OUT
RCC.VCOI2SOutputFreq_Value=192000000
PA5.Signal=SPI1_SCK
RCC.PLLSAIPCLKFreq_Value=96000000
board=NUCLEO-F446RE
RCC.VCOOutputFreq_Value=336000000
ProjectManager.LastFirmware=false
RCC.APB2Freq_Value=84000000
MxCube.Version=6.2.1
RCC.PLLI2SPCLKFreq_Value=96000000
SPI1.Mode=SPI_MODE_SLAVE
PC13.GPIOParameters=GPIO_Label,GPIO_ModeDefaultEXTI
Dma.SPI1_RX.0.Instance=DMA2_Stream0
VP_SYS_VS_Systick.Mode=SysTick
Dma.SPI1_RX.0.PeriphDataAlignment=DMA_PDATAALIGN_BYTE
PH1-OSC_OUT.Signal=RCC_OSC_OUT
Dma.SPI1_RX.0.MemDataAlignment=DMA_MDATAALIGN_BYTE
NVIC.NonMaskableInt_IRQn=true\:0\:0\:false\:false\:true\:false\:false
ProjectManager.FreePins=false
RCC.IPParameters=AHBFreq_Value,APB1CLKDivider,APB1Freq_Value,APB1TimFreq_Value,APB2Freq_Value,APB2TimFreq_Value,CECFreq_Value,CortexFreq_Value,FCLKCortexFreq_Value,FLatency-AdvancedSettings,FMPI2C1Freq_Value,FamilyName,HCLKFreq_Value,HSE_VALUE,HSI_VALUE,LSE_VALUE,LSI_VALUE,MCO2PinFreq_Value,PLLCLKFreq_Value,PLLI2SPCLKFreq_Value,PLLI2SQCLKFreq_Value,PLLI2SRCLKFreq_Value,PLLN,PLLP,PLLQCLKFreq_Value,PLLRCLKFreq_Value,PLLSAIPCLKFreq_Value,PLLSAIQCLKFreq_Value,PWRFreq_Value,SAIAFreq_Value,SAIBFreq_Value,SDIOFreq_Value,SPDIFRXFreq_Value,SYSCLKFreq_VALUE,SYSCLKSource,USBFreq_Value,VCOI2SInputFreq_Value,VCOI2SOutputFreq_Value,VCOInputFreq_Value,VCOOutputFreq_Value,VCOSAIInputFreq_Value,VCOSAIOutputFreq_Value,VcooutputI2S
ProjectManager.AskForMigrate=true
Mcu.Name=STM32F446R(C-E)Tx
RCC.PLLI2SQCLKFreq_Value=96000000
Dma.SPI1_RX.0.MemInc=DMA_MINC_ENABLE
PA13.GPIO_Label=TMS
PA2.Signal=USART2_TX
ProjectManager.UnderRoot=true
Mcu.IP6=USART2
RCC.VCOSAIInputFreq_Value=1000000
ProjectManager.CoupleFile=false
PB3.Signal=SYS_JTDO-SWO
RCC.SYSCLKFreq_VALUE=84000000
PA3.Locked=true
NVIC.ForceEnableDMAVector=true
KeepUserPlacement=false
PC13.GPIO_ModeDefaultEXTI=GPIO_MODE_IT_FALLING
PA14.GPIOParameters=GPIO_Label
NVIC.MemoryManagement_IRQn=true\:0\:0\:false\:false\:true\:false\:false
PA13.Locked=true
ProjectManager.CompilerOptimize=6
PA14.Signal=SYS_JTCK-SWCLK
ProjectManager.HeapSize=0x200
Mcu.Pin15=VP_SYS_VS_Systick
NVIC.HardFault_IRQn=true\:0\:0\:false\:false\:true\:false\:false
Mcu.Pin13=PB8
Mcu.Pin14=PB9
Dma.SPI1_RX.0.Priority=DMA_PRIORITY_LOW
ProjectManager.ComputerToolchain=false
RCC.HSI_VALUE=16000000
RCC.PLLP=RCC_PLLP_DIV4
NVIC.PriorityGroup=NVIC_PRIORITYGROUP_0
Mcu.Pin11=PA14
Mcu.Pin12=PB3
PB8.Mode=I2C
RCC.PLLN=336
Mcu.Pin10=PA13
PA2.Mode=Asynchronous
PB8.Signal=I2C1_SCL
RCC.PWRFreq_Value=84000000
RCC.APB1Freq_Value=42000000
ProjectManager.DeviceId=STM32F446RETx
ProjectManager.LibraryCopy=1
PA3.GPIO_Label=USART_RX
PA7.Signal=SPI1_MOSI
isbadioc=false
